// !$*UTF8*$!
{
	archiveVersion = 1;
	classes = {
	};
	objectVersion = 46;
	objects = {

/* Begin PBXBuildFile section */
		40FF7C019FE93FAA4F14B8A6 /* Pods_mapsIndoorTestTests.framework in Frameworks */ = {isa = PBXBuildFile; fileRef = 591BCCB69C9466BC9AFAB678 /* Pods_mapsIndoorTestTests.framework */; };
		5968B9556154934F708BC883 /* Pods_mapsIndoorTestUITests.framework in Frameworks */ = {isa = PBXBuildFile; fileRef = 93502DEC97CAA40224382C9B /* Pods_mapsIndoorTestUITests.framework */; };
		673BDC4D1ECDA0F3002A0F09 /* GPSPositionProvider.m in Sources */ = {isa = PBXBuildFile; fileRef = 673BDC4C1ECDA0F3002A0F09 /* GPSPositionProvider.m */; };
		67AF5A461EC06B1800DFDE4F /* AppDelegate.swift in Sources */ = {isa = PBXBuildFile; fileRef = 67AF5A451EC06B1800DFDE4F /* AppDelegate.swift */; };
		67AF5A481EC06B1800DFDE4F /* ViewController.swift in Sources */ = {isa = PBXBuildFile; fileRef = 67AF5A471EC06B1800DFDE4F /* ViewController.swift */; };
		67AF5A4B1EC06B1800DFDE4F /* Main.storyboard in Resources */ = {isa = PBXBuildFile; fileRef = 67AF5A491EC06B1800DFDE4F /* Main.storyboard */; };
		67AF5A4D1EC06B1800DFDE4F /* Assets.xcassets in Resources */ = {isa = PBXBuildFile; fileRef = 67AF5A4C1EC06B1800DFDE4F /* Assets.xcassets */; };
		67AF5A501EC06B1800DFDE4F /* LaunchScreen.storyboard in Resources */ = {isa = PBXBuildFile; fileRef = 67AF5A4E1EC06B1800DFDE4F /* LaunchScreen.storyboard */; };
		67AF5A5B1EC06B1800DFDE4F /* mapsIndoorTestTests.swift in Sources */ = {isa = PBXBuildFile; fileRef = 67AF5A5A1EC06B1800DFDE4F /* mapsIndoorTestTests.swift */; };
		67AF5A661EC06B1800DFDE4F /* mapsIndoorTestUITests.swift in Sources */ = {isa = PBXBuildFile; fileRef = 67AF5A651EC06B1800DFDE4F /* mapsIndoorTestUITests.swift */; };
		EDE95E0C4DDEC49ABFB77CE3 /* Pods_mapsIndoorTest.framework in Frameworks */ = {isa = PBXBuildFile; fileRef = 103FCF8DF70B89F048CFC626 /* Pods_mapsIndoorTest.framework */; };
/* End PBXBuildFile section */

/* Begin PBXContainerItemProxy section */
		67AF5A571EC06B1800DFDE4F /* PBXContainerItemProxy */ = {
			isa = PBXContainerItemProxy;
			containerPortal = 67AF5A3A1EC06B1800DFDE4F /* Project object */;
			proxyType = 1;
			remoteGlobalIDString = 67AF5A411EC06B1800DFDE4F;
			remoteInfo = mapsIndoorTest;
		};
		67AF5A621EC06B1800DFDE4F /* PBXContainerItemProxy */ = {
			isa = PBXContainerItemProxy;
			containerPortal = 67AF5A3A1EC06B1800DFDE4F /* Project object */;
			proxyType = 1;
			remoteGlobalIDString = 67AF5A411EC06B1800DFDE4F;
			remoteInfo = mapsIndoorTest;
		};
/* End PBXContainerItemProxy section */

/* Begin PBXFileReference section */
		103FCF8DF70B89F048CFC626 /* Pods_mapsIndoorTest.framework */ = {isa = PBXFileReference; explicitFileType = wrapper.framework; includeInIndex = 0; path = Pods_mapsIndoorTest.framework; sourceTree = BUILT_PRODUCTS_DIR; };
		1ACEB7593B19ECBD1A36C482 /* Pods-mapsIndoorTest.debug.xcconfig */ = {isa = PBXFileReference; includeInIndex = 1; lastKnownFileType = text.xcconfig; name = "Pods-mapsIndoorTest.debug.xcconfig"; path = "Pods/Target Support Files/Pods-mapsIndoorTest/Pods-mapsIndoorTest.debug.xcconfig"; sourceTree = "<group>"; };
		237CD75B11061A092B00BC2A /* Pods-mapsIndoorTestUITests.release.xcconfig */ = {isa = PBXFileReference; includeInIndex = 1; lastKnownFileType = text.xcconfig; name = "Pods-mapsIndoorTestUITests.release.xcconfig"; path = "Pods/Target Support Files/Pods-mapsIndoorTestUITests/Pods-mapsIndoorTestUITests.release.xcconfig"; sourceTree = "<group>"; };
		2CAC4E4DFFB59FC02DB2C98F /* Pods-mapsIndoorTestTests.debug.xcconfig */ = {isa = PBXFileReference; includeInIndex = 1; lastKnownFileType = text.xcconfig; name = "Pods-mapsIndoorTestTests.debug.xcconfig"; path = "Pods/Target Support Files/Pods-mapsIndoorTestTests/Pods-mapsIndoorTestTests.debug.xcconfig"; sourceTree = "<group>"; };
		424E6136E52689E18458900F /* Pods-mapsIndoorTest.release.xcconfig */ = {isa = PBXFileReference; includeInIndex = 1; lastKnownFileType = text.xcconfig; name = "Pods-mapsIndoorTest.release.xcconfig"; path = "Pods/Target Support Files/Pods-mapsIndoorTest/Pods-mapsIndoorTest.release.xcconfig"; sourceTree = "<group>"; };
		591BCCB69C9466BC9AFAB678 /* Pods_mapsIndoorTestTests.framework */ = {isa = PBXFileReference; explicitFileType = wrapper.framework; includeInIndex = 0; path = Pods_mapsIndoorTestTests.framework; sourceTree = BUILT_PRODUCTS_DIR; };
		673BDC4A1ECDA0F2002A0F09 /* mapsIndoorTest-Bridging-Header.h */ = {isa = PBXFileReference; lastKnownFileType = sourcecode.c.h; path = "mapsIndoorTest-Bridging-Header.h"; sourceTree = "<group>"; };
		673BDC4B1ECDA0F3002A0F09 /* GPSPositionProvider.h */ = {isa = PBXFileReference; fileEncoding = 4; lastKnownFileType = sourcecode.c.h; path = GPSPositionProvider.h; sourceTree = "<group>"; };
		673BDC4C1ECDA0F3002A0F09 /* GPSPositionProvider.m */ = {isa = PBXFileReference; fileEncoding = 4; lastKnownFileType = sourcecode.c.objc; path = GPSPositionProvider.m; sourceTree = "<group>"; };
		67AF5A421EC06B1800DFDE4F /* mapsIndoorTest.app */ = {isa = PBXFileReference; explicitFileType = wrapper.application; includeInIndex = 0; path = mapsIndoorTest.app; sourceTree = BUILT_PRODUCTS_DIR; };
		67AF5A451EC06B1800DFDE4F /* AppDelegate.swift */ = {isa = PBXFileReference; lastKnownFileType = sourcecode.swift; path = AppDelegate.swift; sourceTree = "<group>"; };
		67AF5A471EC06B1800DFDE4F /* ViewController.swift */ = {isa = PBXFileReference; lastKnownFileType = sourcecode.swift; path = ViewController.swift; sourceTree = "<group>"; };
		67AF5A4A1EC06B1800DFDE4F /* Base */ = {isa = PBXFileReference; lastKnownFileType = file.storyboard; name = Base; path = Base.lproj/Main.storyboard; sourceTree = "<group>"; };
		67AF5A4C1EC06B1800DFDE4F /* Assets.xcassets */ = {isa = PBXFileReference; lastKnownFileType = folder.assetcatalog; path = Assets.xcassets; sourceTree = "<group>"; };
		67AF5A4F1EC06B1800DFDE4F /* Base */ = {isa = PBXFileReference; lastKnownFileType = file.storyboard; name = Base; path = Base.lproj/LaunchScreen.storyboard; sourceTree = "<group>"; };
		67AF5A511EC06B1800DFDE4F /* Info.plist */ = {isa = PBXFileReference; lastKnownFileType = text.plist.xml; path = Info.plist; sourceTree = "<group>"; };
		67AF5A561EC06B1800DFDE4F /* mapsIndoorTestTests.xctest */ = {isa = PBXFileReference; explicitFileType = wrapper.cfbundle; includeInIndex = 0; path = mapsIndoorTestTests.xctest; sourceTree = BUILT_PRODUCTS_DIR; };
		67AF5A5A1EC06B1800DFDE4F /* mapsIndoorTestTests.swift */ = {isa = PBXFileReference; lastKnownFileType = sourcecode.swift; path = mapsIndoorTestTests.swift; sourceTree = "<group>"; };
		67AF5A5C1EC06B1800DFDE4F /* Info.plist */ = {isa = PBXFileReference; lastKnownFileType = text.plist.xml; path = Info.plist; sourceTree = "<group>"; };
		67AF5A611EC06B1800DFDE4F /* mapsIndoorTestUITests.xctest */ = {isa = PBXFileReference; explicitFileType = wrapper.cfbundle; includeInIndex = 0; path = mapsIndoorTestUITests.xctest; sourceTree = BUILT_PRODUCTS_DIR; };
		67AF5A651EC06B1800DFDE4F /* mapsIndoorTestUITests.swift */ = {isa = PBXFileReference; lastKnownFileType = sourcecode.swift; path = mapsIndoorTestUITests.swift; sourceTree = "<group>"; };
		67AF5A671EC06B1800DFDE4F /* Info.plist */ = {isa = PBXFileReference; lastKnownFileType = text.plist.xml; path = Info.plist; sourceTree = "<group>"; };
		85EECD113D64279D56FA8615 /* Pods-mapsIndoorTestUITests.debug.xcconfig */ = {isa = PBXFileReference; includeInIndex = 1; lastKnownFileType = text.xcconfig; name = "Pods-mapsIndoorTestUITests.debug.xcconfig"; path = "Pods/Target Support Files/Pods-mapsIndoorTestUITests/Pods-mapsIndoorTestUITests.debug.xcconfig"; sourceTree = "<group>"; };
		93502DEC97CAA40224382C9B /* Pods_mapsIndoorTestUITests.framework */ = {isa = PBXFileReference; explicitFileType = wrapper.framework; includeInIndex = 0; path = Pods_mapsIndoorTestUITests.framework; sourceTree = BUILT_PRODUCTS_DIR; };
		D3A0C930D84B4E6EDC92C5B1 /* Pods-mapsIndoorTestTests.release.xcconfig */ = {isa = PBXFileReference; includeInIndex = 1; lastKnownFileType = text.xcconfig; name = "Pods-mapsIndoorTestTests.release.xcconfig"; path = "Pods/Target Support Files/Pods-mapsIndoorTestTests/Pods-mapsIndoorTestTests.release.xcconfig"; sourceTree = "<group>"; };
/* End PBXFileReference section */

/* Begin PBXFrameworksBuildPhase section */
		67AF5A3F1EC06B1800DFDE4F /* Frameworks */ = {
			isa = PBXFrameworksBuildPhase;
			buildActionMask = 2147483647;
			files = (
				EDE95E0C4DDEC49ABFB77CE3 /* Pods_mapsIndoorTest.framework in Frameworks */,
			);
			runOnlyForDeploymentPostprocessing = 0;
		};
		67AF5A531EC06B1800DFDE4F /* Frameworks */ = {
			isa = PBXFrameworksBuildPhase;
			buildActionMask = 2147483647;
			files = (
				40FF7C019FE93FAA4F14B8A6 /* Pods_mapsIndoorTestTests.framework in Frameworks */,
			);
			runOnlyForDeploymentPostprocessing = 0;
		};
		67AF5A5E1EC06B1800DFDE4F /* Frameworks */ = {
			isa = PBXFrameworksBuildPhase;
			buildActionMask = 2147483647;
			files = (
				5968B9556154934F708BC883 /* Pods_mapsIndoorTestUITests.framework in Frameworks */,
			);
			runOnlyForDeploymentPostprocessing = 0;
		};
/* End PBXFrameworksBuildPhase section */

/* Begin PBXGroup section */
		26ECA5BD493B7255574E8BAA /* Pods */ = {
			isa = PBXGroup;
			children = (
				1ACEB7593B19ECBD1A36C482 /* Pods-mapsIndoorTest.debug.xcconfig */,
				424E6136E52689E18458900F /* Pods-mapsIndoorTest.release.xcconfig */,
				2CAC4E4DFFB59FC02DB2C98F /* Pods-mapsIndoorTestTests.debug.xcconfig */,
				D3A0C930D84B4E6EDC92C5B1 /* Pods-mapsIndoorTestTests.release.xcconfig */,
				85EECD113D64279D56FA8615 /* Pods-mapsIndoorTestUITests.debug.xcconfig */,
				237CD75B11061A092B00BC2A /* Pods-mapsIndoorTestUITests.release.xcconfig */,
			);
			name = Pods;
			sourceTree = "<group>";
		};
		67AF5A391EC06B1800DFDE4F = {
			isa = PBXGroup;
			children = (
				67AF5A441EC06B1800DFDE4F /* mapsIndoorTest */,
				67AF5A591EC06B1800DFDE4F /* mapsIndoorTestTests */,
				67AF5A641EC06B1800DFDE4F /* mapsIndoorTestUITests */,
				67AF5A431EC06B1800DFDE4F /* Products */,
				26ECA5BD493B7255574E8BAA /* Pods */,
				C62EB1859BB205E5943CE25C /* Frameworks */,
			);
			sourceTree = "<group>";
		};
		67AF5A431EC06B1800DFDE4F /* Products */ = {
			isa = PBXGroup;
			children = (
				67AF5A421EC06B1800DFDE4F /* mapsIndoorTest.app */,
				67AF5A561EC06B1800DFDE4F /* mapsIndoorTestTests.xctest */,
				67AF5A611EC06B1800DFDE4F /* mapsIndoorTestUITests.xctest */,
			);
			name = Products;
			sourceTree = "<group>";
		};
		67AF5A441EC06B1800DFDE4F /* mapsIndoorTest */ = {
			isa = PBXGroup;
			children = (
				673BDC4B1ECDA0F3002A0F09 /* GPSPositionProvider.h */,
				673BDC4C1ECDA0F3002A0F09 /* GPSPositionProvider.m */,
				67AF5A451EC06B1800DFDE4F /* AppDelegate.swift */,
				67AF5A471EC06B1800DFDE4F /* ViewController.swift */,
				67AF5A491EC06B1800DFDE4F /* Main.storyboard */,
				67AF5A4C1EC06B1800DFDE4F /* Assets.xcassets */,
				67AF5A4E1EC06B1800DFDE4F /* LaunchScreen.storyboard */,
				67AF5A511EC06B1800DFDE4F /* Info.plist */,
				673BDC4A1ECDA0F2002A0F09 /* mapsIndoorTest-Bridging-Header.h */,
			);
			path = mapsIndoorTest;
			sourceTree = "<group>";
		};
		67AF5A591EC06B1800DFDE4F /* mapsIndoorTestTests */ = {
			isa = PBXGroup;
			children = (
				67AF5A5A1EC06B1800DFDE4F /* mapsIndoorTestTests.swift */,
				67AF5A5C1EC06B1800DFDE4F /* Info.plist */,
			);
			path = mapsIndoorTestTests;
			sourceTree = "<group>";
		};
		67AF5A641EC06B1800DFDE4F /* mapsIndoorTestUITests */ = {
			isa = PBXGroup;
			children = (
				67AF5A651EC06B1800DFDE4F /* mapsIndoorTestUITests.swift */,
				67AF5A671EC06B1800DFDE4F /* Info.plist */,
			);
			path = mapsIndoorTestUITests;
			sourceTree = "<group>";
		};
		C62EB1859BB205E5943CE25C /* Frameworks */ = {
			isa = PBXGroup;
			children = (
				103FCF8DF70B89F048CFC626 /* Pods_mapsIndoorTest.framework */,
				591BCCB69C9466BC9AFAB678 /* Pods_mapsIndoorTestTests.framework */,
				93502DEC97CAA40224382C9B /* Pods_mapsIndoorTestUITests.framework */,
			);
			name = Frameworks;
			sourceTree = "<group>";
		};
/* End PBXGroup section */

/* Begin PBXNativeTarget section */
		67AF5A411EC06B1800DFDE4F /* mapsIndoorTest */ = {
			isa = PBXNativeTarget;
			buildConfigurationList = 67AF5A6A1EC06B1800DFDE4F /* Build configuration list for PBXNativeTarget "mapsIndoorTest" */;
			buildPhases = (
				BC7D2D44722F80CC225BE705 /* [CP] Check Pods Manifest.lock */,
				67AF5A3E1EC06B1800DFDE4F /* Sources */,
				67AF5A3F1EC06B1800DFDE4F /* Frameworks */,
				67AF5A401EC06B1800DFDE4F /* Resources */,
				AF1C5EC4F15DEA6B2D199204 /* [CP] Embed Pods Frameworks */,
				F5D7CD79F5055BCD0E41A346 /* [CP] Copy Pods Resources */,
			);
			buildRules = (
			);
			dependencies = (
			);
			name = mapsIndoorTest;
			productName = mapsIndoorTest;
			productReference = 67AF5A421EC06B1800DFDE4F /* mapsIndoorTest.app */;
			productType = "com.apple.product-type.application";
		};
		67AF5A551EC06B1800DFDE4F /* mapsIndoorTestTests */ = {
			isa = PBXNativeTarget;
			buildConfigurationList = 67AF5A6D1EC06B1800DFDE4F /* Build configuration list for PBXNativeTarget "mapsIndoorTestTests" */;
			buildPhases = (
				F882C0C4CE26F96FAF134FAB /* [CP] Check Pods Manifest.lock */,
				67AF5A521EC06B1800DFDE4F /* Sources */,
				67AF5A531EC06B1800DFDE4F /* Frameworks */,
				67AF5A541EC06B1800DFDE4F /* Resources */,
				73692188D91E85A0C74FDAD6 /* [CP] Embed Pods Frameworks */,
				76952E81B5B5E341495F9924 /* [CP] Copy Pods Resources */,
			);
			buildRules = (
			);
			dependencies = (
				67AF5A581EC06B1800DFDE4F /* PBXTargetDependency */,
			);
			name = mapsIndoorTestTests;
			productName = mapsIndoorTestTests;
			productReference = 67AF5A561EC06B1800DFDE4F /* mapsIndoorTestTests.xctest */;
			productType = "com.apple.product-type.bundle.unit-test";
		};
		67AF5A601EC06B1800DFDE4F /* mapsIndoorTestUITests */ = {
			isa = PBXNativeTarget;
			buildConfigurationList = 67AF5A701EC06B1800DFDE4F /* Build configuration list for PBXNativeTarget "mapsIndoorTestUITests" */;
			buildPhases = (
				8889B46E7E61BF3C0F1F25AF /* [CP] Check Pods Manifest.lock */,
				67AF5A5D1EC06B1800DFDE4F /* Sources */,
				67AF5A5E1EC06B1800DFDE4F /* Frameworks */,
				67AF5A5F1EC06B1800DFDE4F /* Resources */,
				832FA9483713D7E4E173A541 /* [CP] Embed Pods Frameworks */,
				B64352A11544E26636660135 /* [CP] Copy Pods Resources */,
			);
			buildRules = (
			);
			dependencies = (
				67AF5A631EC06B1800DFDE4F /* PBXTargetDependency */,
			);
			name = mapsIndoorTestUITests;
			productName = mapsIndoorTestUITests;
			productReference = 67AF5A611EC06B1800DFDE4F /* mapsIndoorTestUITests.xctest */;
			productType = "com.apple.product-type.bundle.ui-testing";
		};
/* End PBXNativeTarget section */

/* Begin PBXProject section */
		67AF5A3A1EC06B1800DFDE4F /* Project object */ = {
			isa = PBXProject;
			attributes = {
				LastSwiftUpdateCheck = 0830;
				LastUpgradeCheck = 0830;
				ORGANIZATIONNAME = MacBookPro;
				TargetAttributes = {
					67AF5A411EC06B1800DFDE4F = {
						CreatedOnToolsVersion = 8.3;
						LastSwiftMigration = 0830;
						ProvisioningStyle = Automatic;
					};
					67AF5A551EC06B1800DFDE4F = {
						CreatedOnToolsVersion = 8.3;
						ProvisioningStyle = Automatic;
						TestTargetID = 67AF5A411EC06B1800DFDE4F;
					};
					67AF5A601EC06B1800DFDE4F = {
						CreatedOnToolsVersion = 8.3;
						ProvisioningStyle = Automatic;
						TestTargetID = 67AF5A411EC06B1800DFDE4F;
					};
				};
			};
			buildConfigurationList = 67AF5A3D1EC06B1800DFDE4F /* Build configuration list for PBXProject "mapsIndoorTest" */;
			compatibilityVersion = "Xcode 3.2";
			developmentRegion = English;
			hasScannedForEncodings = 0;
			knownRegions = (
				en,
				Base,
			);
			mainGroup = 67AF5A391EC06B1800DFDE4F;
			productRefGroup = 67AF5A431EC06B1800DFDE4F /* Products */;
			projectDirPath = "";
			projectRoot = "";
			targets = (
				67AF5A411EC06B1800DFDE4F /* mapsIndoorTest */,
				67AF5A551EC06B1800DFDE4F /* mapsIndoorTestTests */,
				67AF5A601EC06B1800DFDE4F /* mapsIndoorTestUITests */,
			);
		};
/* End PBXProject section */

/* Begin PBXResourcesBuildPhase section */
		67AF5A401EC06B1800DFDE4F /* Resources */ = {
			isa = PBXResourcesBuildPhase;
			buildActionMask = 2147483647;
			files = (
				67AF5A501EC06B1800DFDE4F /* LaunchScreen.storyboard in Resources */,
				67AF5A4D1EC06B1800DFDE4F /* Assets.xcassets in Resources */,
				67AF5A4B1EC06B1800DFDE4F /* Main.storyboard in Resources */,
			);
			runOnlyForDeploymentPostprocessing = 0;
		};
		67AF5A541EC06B1800DFDE4F /* Resources */ = {
			isa = PBXResourcesBuildPhase;
			buildActionMask = 2147483647;
			files = (
			);
			runOnlyForDeploymentPostprocessing = 0;
		};
		67AF5A5F1EC06B1800DFDE4F /* Resources */ = {
			isa = PBXResourcesBuildPhase;
			buildActionMask = 2147483647;
			files = (
			);
			runOnlyForDeploymentPostprocessing = 0;
		};
/* End PBXResourcesBuildPhase section */

/* Begin PBXShellScriptBuildPhase section */
		73692188D91E85A0C74FDAD6 /* [CP] Embed Pods Frameworks */ = {
			isa = PBXShellScriptBuildPhase;
			buildActionMask = 2147483647;
			files = (
			);
			inputPaths = (
			);
			name = "[CP] Embed Pods Frameworks";
			outputPaths = (
			);
			runOnlyForDeploymentPostprocessing = 0;
			shellPath = /bin/sh;
			shellScript = "\"${SRCROOT}/Pods/Target Support Files/Pods-mapsIndoorTestTests/Pods-mapsIndoorTestTests-frameworks.sh\"\n";
			showEnvVarsInLog = 0;
		};
		76952E81B5B5E341495F9924 /* [CP] Copy Pods Resources */ = {
			isa = PBXShellScriptBuildPhase;
			buildActionMask = 2147483647;
			files = (
			);
			inputPaths = (
			);
			name = "[CP] Copy Pods Resources";
			outputPaths = (
			);
			runOnlyForDeploymentPostprocessing = 0;
			shellPath = /bin/sh;
			shellScript = "\"${SRCROOT}/Pods/Target Support Files/Pods-mapsIndoorTestTests/Pods-mapsIndoorTestTests-resources.sh\"\n";
			showEnvVarsInLog = 0;
		};
		832FA9483713D7E4E173A541 /* [CP] Embed Pods Frameworks */ = {
			isa = PBXShellScriptBuildPhase;
			buildActionMask = 2147483647;
			files = (
			);
			inputPaths = (
			);
			name = "[CP] Embed Pods Frameworks";
			outputPaths = (
			);
			runOnlyForDeploymentPostprocessing = 0;
			shellPath = /bin/sh;
			shellScript = "\"${SRCROOT}/Pods/Target Support Files/Pods-mapsIndoorTestUITests/Pods-mapsIndoorTestUITests-frameworks.sh\"\n";
			showEnvVarsInLog = 0;
		};
		8889B46E7E61BF3C0F1F25AF /* [CP] Check Pods Manifest.lock */ = {
			isa = PBXShellScriptBuildPhase;
			buildActionMask = 2147483647;
			files = (
			);
			inputPaths = (
			);
			name = "[CP] Check Pods Manifest.lock";
			outputPaths = (
			);
			runOnlyForDeploymentPostprocessing = 0;
			shellPath = /bin/sh;
			shellScript = "diff \"${PODS_ROOT}/../Podfile.lock\" \"${PODS_ROOT}/Manifest.lock\" > /dev/null\nif [ $? != 0 ] ; then\n    # print error to STDERR\n    echo \"error: The sandbox is not in sync with the Podfile.lock. Run 'pod install' or update your CocoaPods installation.\" >&2\n    exit 1\nfi\n";
			showEnvVarsInLog = 0;
		};
		AF1C5EC4F15DEA6B2D199204 /* [CP] Embed Pods Frameworks */ = {
			isa = PBXShellScriptBuildPhase;
			buildActionMask = 2147483647;
			files = (
			);
			inputPaths = (
			);
			name = "[CP] Embed Pods Frameworks";
			outputPaths = (
			);
			runOnlyForDeploymentPostprocessing = 0;
			shellPath = /bin/sh;
			shellScript = "\"${SRCROOT}/Pods/Target Support Files/Pods-mapsIndoorTest/Pods-mapsIndoorTest-frameworks.sh\"\n";
			showEnvVarsInLog = 0;
		};
		B64352A11544E26636660135 /* [CP] Copy Pods Resources */ = {
			isa = PBXShellScriptBuildPhase;
			buildActionMask = 2147483647;
			files = (
			);
			inputPaths = (
			);
			name = "[CP] Copy Pods Resources";
			outputPaths = (
			);
			runOnlyForDeploymentPostprocessing = 0;
			shellPath = /bin/sh;
			shellScript = "\"${SRCROOT}/Pods/Target Support Files/Pods-mapsIndoorTestUITests/Pods-mapsIndoorTestUITests-resources.sh\"\n";
			showEnvVarsInLog = 0;
		};
		BC7D2D44722F80CC225BE705 /* [CP] Check Pods Manifest.lock */ = {
			isa = PBXShellScriptBuildPhase;
			buildActionMask = 2147483647;
			files = (
			);
			inputPaths = (
			);
			name = "[CP] Check Pods Manifest.lock";
			outputPaths = (
			);
			runOnlyForDeploymentPostprocessing = 0;
			shellPath = /bin/sh;
			shellScript = "diff \"${PODS_ROOT}/../Podfile.lock\" \"${PODS_ROOT}/Manifest.lock\" > /dev/null\nif [ $? != 0 ] ; then\n    # print error to STDERR\n    echo \"error: The sandbox is not in sync with the Podfile.lock. Run 'pod install' or update your CocoaPods installation.\" >&2\n    exit 1\nfi\n";
			showEnvVarsInLog = 0;
		};
		F5D7CD79F5055BCD0E41A346 /* [CP] Copy Pods Resources */ = {
			isa = PBXShellScriptBuildPhase;
			buildActionMask = 2147483647;
			files = (
			);
			inputPaths = (
			);
			name = "[CP] Copy Pods Resources";
			outputPaths = (
			);
			runOnlyForDeploymentPostprocessing = 0;
			shellPath = /bin/sh;
			shellScript = "\"${SRCROOT}/Pods/Target Support Files/Pods-mapsIndoorTest/Pods-mapsIndoorTest-resources.sh\"\n";
			showEnvVarsInLog = 0;
		};
		F882C0C4CE26F96FAF134FAB /* [CP] Check Pods Manifest.lock */ = {
			isa = PBXShellScriptBuildPhase;
			buildActionMask = 2147483647;
			files = (
			);
			inputPaths = (
			);
			name = "[CP] Check Pods Manifest.lock";
			outputPaths = (
			);
			runOnlyForDeploymentPostprocessing = 0;
			shellPath = /bin/sh;
			shellScript = "diff \"${PODS_ROOT}/../Podfile.lock\" \"${PODS_ROOT}/Manifest.lock\" > /dev/null\nif [ $? != 0 ] ; then\n    # print error to STDERR\n    echo \"error: The sandbox is not in sync with the Podfile.lock. Run 'pod install' or update your CocoaPods installation.\" >&2\n    exit 1\nfi\n";
			showEnvVarsInLog = 0;
		};
/* End PBXShellScriptBuildPhase section */

/* Begin PBXSourcesBuildPhase section */
		67AF5A3E1EC06B1800DFDE4F /* Sources */ = {
			isa = PBXSourcesBuildPhase;
			buildActionMask = 2147483647;
			files = (
				67AF5A481EC06B1800DFDE4F /* ViewController.swift in Sources */,
				67AF5A461EC06B1800DFDE4F /* AppDelegate.swift in Sources */,
				673BDC4D1ECDA0F3002A0F09 /* GPSPositionProvider.m in Sources */,
			);
			runOnlyForDeploymentPostprocessing = 0;
		};
		67AF5A521EC06B1800DFDE4F /* Sources */ = {
			isa = PBXSourcesBuildPhase;
			buildActionMask = 2147483647;
			files = (
				67AF5A5B1EC06B1800DFDE4F /* mapsIndoorTestTests.swift in Sources */,
			);
			runOnlyForDeploymentPostprocessing = 0;
		};
		67AF5A5D1EC06B1800DFDE4F /* Sources */ = {
			isa = PBXSourcesBuildPhase;
			buildActionMask = 2147483647;
			files = (
				67AF5A661EC06B1800DFDE4F /* mapsIndoorTestUITests.swift in Sources */,
			);
			runOnlyForDeploymentPostprocessing = 0;
		};
/* End PBXSourcesBuildPhase section */

/* Begin PBXTargetDependency section */
		67AF5A581EC06B1800DFDE4F /* PBXTargetDependency */ = {
			isa = PBXTargetDependency;
			target = 67AF5A411EC06B1800DFDE4F /* mapsIndoorTest */;
			targetProxy = 67AF5A571EC06B1800DFDE4F /* PBXContainerItemProxy */;
		};
		67AF5A631EC06B1800DFDE4F /* PBXTargetDependency */ = {
			isa = PBXTargetDependency;
			target = 67AF5A411EC06B1800DFDE4F /* mapsIndoorTest */;
			targetProxy = 67AF5A621EC06B1800DFDE4F /* PBXContainerItemProxy */;
		};
/* End PBXTargetDependency section */

/* Begin PBXVariantGroup section */
		67AF5A491EC06B1800DFDE4F /* Main.storyboard */ = {
			isa = PBXVariantGroup;
			children = (
				67AF5A4A1EC06B1800DFDE4F /* Base */,
			);
			name = Main.storyboard;
			sourceTree = "<group>";
		};
		67AF5A4E1EC06B1800DFDE4F /* LaunchScreen.storyboard */ = {
			isa = PBXVariantGroup;
			children = (
				67AF5A4F1EC06B1800DFDE4F /* Base */,
			);
			name = LaunchScreen.storyboard;
			sourceTree = "<group>";
		};
/* End PBXVariantGroup section */

/* Begin XCBuildConfiguration section */
		67AF5A681EC06B1800DFDE4F /* Debug */ = {
			isa = XCBuildConfiguration;
			buildSettings = {
				ALWAYS_SEARCH_USER_PATHS = NO;
				CLANG_ANALYZER_NONNULL = YES;
				CLANG_ANALYZER_NUMBER_OBJECT_CONVERSION = YES_AGGRESSIVE;
				CLANG_CXX_LANGUAGE_STANDARD = "gnu++0x";
				CLANG_CXX_LIBRARY = "libc++";
				CLANG_ENABLE_MODULES = YES;
				CLANG_ENABLE_OBJC_ARC = YES;
				CLANG_WARN_BOOL_CONVERSION = YES;
				CLANG_WARN_CONSTANT_CONVERSION = YES;
				CLANG_WARN_DIRECT_OBJC_ISA_USAGE = YES_ERROR;
				CLANG_WARN_DOCUMENTATION_COMMENTS = YES;
				CLANG_WARN_EMPTY_BODY = YES;
				CLANG_WARN_ENUM_CONVERSION = YES;
				CLANG_WARN_INFINITE_RECURSION = YES;
				CLANG_WARN_INT_CONVERSION = YES;
				CLANG_WARN_OBJC_ROOT_CLASS = YES_ERROR;
				CLANG_WARN_SUSPICIOUS_MOVE = YES;
				CLANG_WARN_UNREACHABLE_CODE = YES;
				CLANG_WARN__DUPLICATE_METHOD_MATCH = YES;
				"CODE_SIGN_IDENTITY[sdk=iphoneos*]" = "iPhone Developer";
				COPY_PHASE_STRIP = NO;
				DEBUG_INFORMATION_FORMAT = dwarf;
				ENABLE_STRICT_OBJC_MSGSEND = YES;
				ENABLE_TESTABILITY = YES;
				GCC_C_LANGUAGE_STANDARD = gnu99;
				GCC_DYNAMIC_NO_PIC = NO;
				GCC_NO_COMMON_BLOCKS = YES;
				GCC_OPTIMIZATION_LEVEL = 0;
				GCC_PREPROCESSOR_DEFINITIONS = (
					"DEBUG=1",
					"$(inherited)",
				);
				GCC_WARN_64_TO_32_BIT_CONVERSION = YES;
				GCC_WARN_ABOUT_RETURN_TYPE = YES_ERROR;
				GCC_WARN_UNDECLARED_SELECTOR = YES;
				GCC_WARN_UNINITIALIZED_AUTOS = YES_AGGRESSIVE;
				GCC_WARN_UNUSED_FUNCTION = YES;
				GCC_WARN_UNUSED_VARIABLE = YES;
				IPHONEOS_DEPLOYMENT_TARGET = 10.3;
				MTL_ENABLE_DEBUG_INFO = YES;
				ONLY_ACTIVE_ARCH = YES;
				SDKROOT = iphoneos;
				SWIFT_ACTIVE_COMPILATION_CONDITIONS = DEBUG;
				SWIFT_OPTIMIZATION_LEVEL = "-Onone";
			};
			name = Debug;
		};
		67AF5A691EC06B1800DFDE4F /* Release */ = {
			isa = XCBuildConfiguration;
			buildSettings = {
				ALWAYS_SEARCH_USER_PATHS = NO;
				CLANG_ANALYZER_NONNULL = YES;
				CLANG_ANALYZER_NUMBER_OBJECT_CONVERSION = YES_AGGRESSIVE;
				CLANG_CXX_LANGUAGE_STANDARD = "gnu++0x";
				CLANG_CXX_LIBRARY = "libc++";
				CLANG_ENABLE_MODULES = YES;
				CLANG_ENABLE_OBJC_ARC = YES;
				CLANG_WARN_BOOL_CONVERSION = YES;
				CLANG_WARN_CONSTANT_CONVERSION = YES;
				CLANG_WARN_DIRECT_OBJC_ISA_USAGE = YES_ERROR;
				CLANG_WARN_DOCUMENTATION_COMMENTS = YES;
				CLANG_WARN_EMPTY_BODY = YES;
				CLANG_WARN_ENUM_CONVERSION = YES;
				CLANG_WARN_INFINITE_RECURSION = YES;
				CLANG_WARN_INT_CONVERSION = YES;
				CLANG_WARN_OBJC_ROOT_CLASS = YES_ERROR;
				CLANG_WARN_SUSPICIOUS_MOVE = YES;
				CLANG_WARN_UNREACHABLE_CODE = YES;
				CLANG_WARN__DUPLICATE_METHOD_MATCH = YES;
				"CODE_SIGN_IDENTITY[sdk=iphoneos*]" = "iPhone Developer";
				COPY_PHASE_STRIP = NO;
				DEBUG_INFORMATION_FORMAT = "dwarf-with-dsym";
				ENABLE_NS_ASSERTIONS = NO;
				ENABLE_STRICT_OBJC_MSGSEND = YES;
				GCC_C_LANGUAGE_STANDARD = gnu99;
				GCC_NO_COMMON_BLOCKS = YES;
				GCC_WARN_64_TO_32_BIT_CONVERSION = YES;
				GCC_WARN_ABOUT_RETURN_TYPE = YES_ERROR;
				GCC_WARN_UNDECLARED_SELECTOR = YES;
				GCC_WARN_UNINITIALIZED_AUTOS = YES_AGGRESSIVE;
				GCC_WARN_UNUSED_FUNCTION = YES;
				GCC_WARN_UNUSED_VARIABLE = YES;
				IPHONEOS_DEPLOYMENT_TARGET = 10.3;
				MTL_ENABLE_DEBUG_INFO = NO;
				SDKROOT = iphoneos;
				SWIFT_OPTIMIZATION_LEVEL = "-Owholemodule";
				VALIDATE_PRODUCT = YES;
			};
			name = Release;
		};
		67AF5A6B1EC06B1800DFDE4F /* Debug */ = {
			isa = XCBuildConfiguration;
			baseConfigurationReference = 1ACEB7593B19ECBD1A36C482 /* Pods-mapsIndoorTest.debug.xcconfig */;
			buildSettings = {
				ASSETCATALOG_COMPILER_APPICON_NAME = AppIcon;
				CLANG_ENABLE_MODULES = YES;
				INFOPLIST_FILE = mapsIndoorTest/Info.plist;
				LD_RUNPATH_SEARCH_PATHS = "$(inherited) @executable_path/Frameworks";
				PRODUCT_BUNDLE_IDENTIFIER = com.amine.mapsIndoorTest;
				PRODUCT_NAME = "$(TARGET_NAME)";
				SWIFT_OBJC_BRIDGING_HEADER = "mapsIndoorTest/mapsIndoorTest-Bridging-Header.h";
				SWIFT_OPTIMIZATION_LEVEL = "-Onone";
				SWIFT_VERSION = 3.0;
			};
			name = Debug;
		};
		67AF5A6C1EC06B1800DFDE4F /* Release */ = {
			isa = XCBuildConfiguration;
			baseConfigurationReference = 424E6136E52689E18458900F /* Pods-mapsIndoorTest.release.xcconfig */;
			buildSettings = {
				ASSETCATALOG_COMPILER_APPICON_NAME = AppIcon;
				CLANG_ENABLE_MODULES = YES;
				INFOPLIST_FILE = mapsIndoorTest/Info.plist;
				LD_RUNPATH_SEARCH_PATHS = "$(inherited) @executable_path/Frameworks";
				PRODUCT_BUNDLE_IDENTIFIER = com.amine.mapsIndoorTest;
				PRODUCT_NAME = "$(TARGET_NAME)";
				SWIFT_OBJC_BRIDGING_HEADER = "mapsIndoorTest/mapsIndoorTest-Bridging-Header.h";
				SWIFT_VERSION = 3.0;
			};
			name = Release;
		};
		67AF5A6E1EC06B1800DFDE4F /* Debug */ = {
			isa = XCBuildConfiguration;
			baseConfigurationReference = 2CAC4E4DFFB59FC02DB2C98F /* Pods-mapsIndoorTestTests.debug.xcconfig */;
			buildSettings = {
				ALWAYS_EMBED_SWIFT_STANDARD_LIBRARIES = YES;
				BUNDLE_LOADER = "$(TEST_HOST)";
				INFOPLIST_FILE = mapsIndoorTestTests/Info.plist;
				LD_RUNPATH_SEARCH_PATHS = "$(inherited) @executable_path/Frameworks @loader_path/Frameworks";
				PRODUCT_BUNDLE_IDENTIFIER = com.amine.mapsIndoorTestTests;
				PRODUCT_NAME = "$(TARGET_NAME)";
				SWIFT_VERSION = 3.0;
				TEST_HOST = "$(BUILT_PRODUCTS_DIR)/mapsIndoorTest.app/mapsIndoorTest";
			};
			name = Debug;
		};
		67AF5A6F1EC06B1800DFDE4F /* Release */ = {
			isa = XCBuildConfiguration;
			baseConfigurationReference = D3A0C930D84B4E6EDC92C5B1 /* Pods-mapsIndoorTestTests.release.xcconfig */;
			buildSettings = {
				ALWAYS_EMBED_SWIFT_STANDARD_LIBRARIES = YES;
				BUNDLE_LOADER = "$(TEST_HOST)";
				INFOPLIST_FILE = mapsIndoorTestTests/Info.plist;
				LD_RUNPATH_SEARCH_PATHS = "$(inherited) @executable_path/Frameworks @loader_path/Frameworks";
				PRODUCT_BUNDLE_IDENTIFIER = com.amine.mapsIndoorTestTests;
				PRODUCT_NAME = "$(TARGET_NAME)";
				SWIFT_VERSION = 3.0;
				TEST_HOST = "$(BUILT_PRODUCTS_DIR)/mapsIndoorTest.app/mapsIndoorTest";
			};
			name = Release;
		};
		67AF5A711EC06B1800DFDE4F /* Debug */ = {
			isa = XCBuildConfiguration;
			baseConfigurationReference = 85EECD113D64279D56FA8615 /* Pods-mapsIndoorTestUITests.debug.xcconfig */;
			buildSettings = {
				ALWAYS_EMBED_SWIFT_STANDARD_LIBRARIES = YES;
				INFOPLIST_FILE = mapsIndoorTestUITests/Info.plist;
				LD_RUNPATH_SEARCH_PATHS = "$(inherited) @executable_path/Frameworks @loader_path/Frameworks";
				PRODUCT_BUNDLE_IDENTIFIER = com.amine.mapsIndoorTestUITests;
				PRODUCT_NAME = "$(TARGET_NAME)";
				SWIFT_VERSION = 3.0;
				TEST_TARGET_NAME = mapsIndoorTest;
			};
			name = Debug;
		};
		67AF5A721EC06B1800DFDE4F /* Release */ = {
			isa = XCBuildConfiguration;
			baseConfigurationReference = 237CD75B11061A092B00BC2A /* Pods-mapsIndoorTestUITests.release.xcconfig */;
			buildSettings = {
				ALWAYS_EMBED_SWIFT_STANDARD_LIBRARIES = YES;
				INFOPLIST_FILE = mapsIndoorTestUITests/Info.plist;
				LD_RUNPATH_SEARCH_PATHS = "$(inherited) @executable_path/Frameworks @loader_path/Frameworks";
				PRODUCT_BUNDLE_IDENTIFIER = com.amine.mapsIndoorTestUITests;
				PRODUCT_NAME = "$(TARGET_NAME)";
				SWIFT_VERSION = 3.0;
				TEST_TARGET_NAME = mapsIndoorTest;
			};
			name = Release;
		};
/* End XCBuildConfiguration section */

/* Begin XCConfigurationList section */
		67AF5A3D1EC06B1800DFDE4F /* Build configuration list for PBXProject "mapsIndoorTest" */ = {
			isa = XCConfigurationList;
			buildConfigurations = (
				67AF5A681EC06B1800DFDE4F /* Debug */,
				67AF5A691EC06B1800DFDE4F /* Release */,
			);
			defaultConfigurationIsVisible = 0;
			defaultConfigurationName = Release;
		};
		67AF5A6A1EC06B1800DFDE4F /* Build configuration list for PBXNativeTarget "mapsIndoorTest" */ = {
			isa = XCConfigurationList;
			buildConfigurations = (
				67AF5A6B1EC06B1800DFDE4F /* Debug */,
				67AF5A6C1EC06B1800DFDE4F /* Release */,
			);
			defaultConfigurationIsVisible = 0;
			defaultConfigurationName = Release;
		};
		67AF5A6D1EC06B1800DFDE4F /* Build configuration list for PBXNativeTarget "mapsIndoorTestTests" */ = {
			isa = XCConfigurationList;
			buildConfigurations = (
				67AF5A6E1EC06B1800DFDE4F /* Debug */,
				67AF5A6F1EC06B1800DFDE4F /* Release */,
			);
			defaultConfigurationIsVisible = 0;
			defaultConfigurationName = Release;
		};
		67AF5A701EC06B1800DFDE4F /* Build configuration list for PBXNativeTarget "mapsIndoorTestUITests" */ = {
			isa = XCConfigurationList;
			buildConfigurations = (
				67AF5A711EC06B1800DFDE4F /* Debug */,
				67AF5A721EC06B1800DFDE4F /* Release */,
			);
			defaultConfigurationIsVisible = 0;
			defaultConfigurationName = Release;
		};
/* End XCConfigurationList section */
	};
	rootObject = 67AF5A3A1EC06B1800DFDE4F /* Project object */;
}
